
Microsoft Visual Studio Solution File, Format Version 12.00
# Visual Studio 15
VisualStudioVersion = 15.0.26730.8
MinimumVisualStudioVersion = 10.0.40219.1
Project("{888888A0-9F3D-457C-B088-3A5042F75D52}") = "AudioArchiver", "AudioArchiver\AudioArchiver.pyproj", "{AD4A3ECC-6A86-4B28-8F8B-959E04EA82EB}"
EndProject
Global
	GlobalSection(SolutionConfigurationPlatforms) = preSolution
		Debug|Any CPU = Debug|Any CPU
		Release|Any CPU = Release|Any CPU
	EndGlobalSection
	GlobalSection(ProjectConfigurationPlatforms) = postSolution
		{AD4A3ECC-6A86-4B28-8F8B-959E04EA82EB}.Debug|Any CPU.ActiveCfg = Debug|Any CPU
		{AD4A3ECC-6A86-4B28-8F8B-959E04EA82EB}.Release|Any CPU.ActiveCfg = Release|Any CPU
	EndGlobalSection
	GlobalSection(SolutionProperties) = preSolution
		HideSolutionNode = FALSE
	EndGlobalSection
	GlobalSection(ExtensibilityGlobals) = postSolution
		SolutionGuid = {CCEE12DA-A3ED-409A-9483-50030CEF5822}
	EndGlobalSection
EndGlobal
